
Microsoft Visual Studio Solution File, Format Version 12.00
# Visual Studio Version 17
VisualStudioVersion = 17.1.32228.430
MinimumVisualStudioVersion = 10.0.40219.1
Project("{FAE04EC0-301F-11D3-BF4B-00C04F79EFBC}") = "AutomobiliIProizvodaci", "AutomobiliIProizvodaci\AutomobiliIProizvodaci.csproj", "{EB4EA09F-1560-4988-8DD7-F61BB8BDBE33}"
EndProject
Global
	GlobalSection(SolutionConfigurationPlatforms) = preSolution
		Debug|Any CPU = Debug|Any CPU
		Release|Any CPU = Release|Any CPU
	EndGlobalSection
	GlobalSection(ProjectConfigurationPlatforms) = postSolution
		{EB4EA09F-1560-4988-8DD7-F61BB8BDBE33}.Debug|Any CPU.ActiveCfg = Debug|Any CPU
		{EB4EA09F-1560-4988-8DD7-F61BB8BDBE33}.Debug|Any CPU.Build.0 = Debug|Any CPU
		{EB4EA09F-1560-4988-8DD7-F61BB8BDBE33}.Release|Any CPU.ActiveCfg = Release|Any CPU
		{EB4EA09F-1560-4988-8DD7-F61BB8BDBE33}.Release|Any CPU.Build.0 = Release|Any CPU
	EndGlobalSection
	GlobalSection(SolutionProperties) = preSolution
		HideSolutionNode = FALSE
	EndGlobalSection
	GlobalSection(ExtensibilityGlobals) = postSolution
		SolutionGuid = {A7BE0541-F279-49C3-A1F6-A1153A86D0A2}
	EndGlobalSection
EndGlobal
