
Microsoft Visual Studio Solution File, Format Version 12.00
# Visual Studio Version 17
VisualStudioVersion = 17.1.32228.430
MinimumVisualStudioVersion = 10.0.40219.1
Project("{FAE04EC0-301F-11D3-BF4B-00C04F79EFBC}") = "TemperaturaUDanu", "TemperaturaUDanu\TemperaturaUDanu.csproj", "{A2A6DFF8-3769-451A-AFDF-E7AE4FAED54A}"
EndProject
Global
	GlobalSection(SolutionConfigurationPlatforms) = preSolution
		Debug|Any CPU = Debug|Any CPU
		Release|Any CPU = Release|Any CPU
	EndGlobalSection
	GlobalSection(ProjectConfigurationPlatforms) = postSolution
		{A2A6DFF8-3769-451A-AFDF-E7AE4FAED54A}.Debug|Any CPU.ActiveCfg = Debug|Any CPU
		{A2A6DFF8-3769-451A-AFDF-E7AE4FAED54A}.Debug|Any CPU.Build.0 = Debug|Any CPU
		{A2A6DFF8-3769-451A-AFDF-E7AE4FAED54A}.Release|Any CPU.ActiveCfg = Release|Any CPU
		{A2A6DFF8-3769-451A-AFDF-E7AE4FAED54A}.Release|Any CPU.Build.0 = Release|Any CPU
	EndGlobalSection
	GlobalSection(SolutionProperties) = preSolution
		HideSolutionNode = FALSE
	EndGlobalSection
	GlobalSection(ExtensibilityGlobals) = postSolution
		SolutionGuid = {77933041-8212-4C12-9A6F-7D0D36A797C1}
	EndGlobalSection
EndGlobal
